Microsoft Visual Studio Solution File, Format Version 12.00
# Visual Studio Version 17
VisualStudioVersion = 17.5.2.0
MinimumVisualStudioVersion = 10.0.40219.1
Project("{FAE04EC0-301F-11D3-BF4B-00C04F79EFBC}") = "AutoMindBackend.Tests", "AutoMindBackend.Tests.csproj", "{35259D73-59DB-ECC2-1EB0-88C5156C6905}"
EndProject
Global
	GlobalSection(SolutionConfigurationPlatforms) = preSolution
		Debug|Any CPU = Debug|Any CPU
		Release|Any CPU = Release|Any CPU
	EndGlobalSection
	GlobalSection(ProjectConfigurationPlatforms) = postSolution
		{35259D73-59DB-ECC2-1EB0-88C5156C6905}.Debug|Any CPU.ActiveCfg = Debug|Any CPU
		{35259D73-59DB-ECC2-1EB0-88C5156C6905}.Debug|Any CPU.Build.0 = Debug|Any CPU
		{35259D73-59DB-ECC2-1EB0-88C5156C6905}.Release|Any CPU.ActiveCfg = Release|Any CPU
		{35259D73-59DB-ECC2-1EB0-88C5156C6905}.Release|Any CPU.Build.0 = Release|Any CPU
	EndGlobalSection
	GlobalSection(SolutionProperties) = preSolution
		HideSolutionNode = FALSE
	EndGlobalSection
	GlobalSection(ExtensibilityGlobals) = postSolution
		SolutionGuid = {119B0E68-E91A-40D2-BEA6-E384886C31FA}
	EndGlobalSection
EndGlobal
